
Microsoft Visual Studio Solution File, Format Version 12.00
# Visual Studio 14
VisualStudioVersion = 14.0.25420.1
MinimumVisualStudioVersion = 10.0.40219.1
Project("{FAE04EC0-301F-11D3-BF4B-00C04F79EFBC}") = "TemplateGenerator", "TemplateGenetator\TemplateGenerator.csproj", "{D360C5EA-6A21-4672-9AC8-E17351C15DEC}"
EndProject
Project("{FAE04EC0-301F-11D3-BF4B-00C04F79EFBC}") = "WebService", "WebService\WebService.csproj", "{D798DC1C-554E-425B-9199-1ACB8D8C39DC}"
EndProject
Global
	GlobalSection(SolutionConfigurationPlatforms) = preSolution
		Debug|Any CPU = Debug|Any CPU
		Release|Any CPU = Release|Any CPU
	EndGlobalSection
	GlobalSection(ProjectConfigurationPlatforms) = postSolution
		{D360C5EA-6A21-4672-9AC8-E17351C15DEC}.Debug|Any CPU.ActiveCfg = Debug|Any CPU
		{D360C5EA-6A21-4672-9AC8-E17351C15DEC}.Debug|Any CPU.Build.0 = Debug|Any CPU
		{D360C5EA-6A21-4672-9AC8-E17351C15DEC}.Release|Any CPU.ActiveCfg = Release|Any CPU
		{D360C5EA-6A21-4672-9AC8-E17351C15DEC}.Release|Any CPU.Build.0 = Release|Any CPU
		{D798DC1C-554E-425B-9199-1ACB8D8C39DC}.Debug|Any CPU.ActiveCfg = Debug|Any CPU
		{D798DC1C-554E-425B-9199-1ACB8D8C39DC}.Debug|Any CPU.Build.0 = Debug|Any CPU
		{D798DC1C-554E-425B-9199-1ACB8D8C39DC}.Release|Any CPU.ActiveCfg = Release|Any CPU
		{D798DC1C-554E-425B-9199-1ACB8D8C39DC}.Release|Any CPU.Build.0 = Release|Any CPU
	EndGlobalSection
	GlobalSection(SolutionProperties) = preSolution
		HideSolutionNode = FALSE
	EndGlobalSection
EndGlobal
